
Microsoft Visual Studio Solution File, Format Version 12.00
# Visual Studio Version 17
VisualStudioVersion = 17.3.32819.101
MinimumVisualStudioVersion = 10.0.40219.1
Project("{FAE04EC0-301F-11D3-BF4B-00C04F79EFBC}") = "Uppgift3-3", "Uppgift3-3\Uppgift3-3.csproj", "{531FC5F9-E991-4987-9F3C-F107FBB4A57A}"
EndProject
Global
	GlobalSection(SolutionConfigurationPlatforms) = preSolution
		Debug|Any CPU = Debug|Any CPU
		Release|Any CPU = Release|Any CPU
	EndGlobalSection
	GlobalSection(ProjectConfigurationPlatforms) = postSolution
		{531FC5F9-E991-4987-9F3C-F107FBB4A57A}.Debug|Any CPU.ActiveCfg = Debug|Any CPU
		{531FC5F9-E991-4987-9F3C-F107FBB4A57A}.Debug|Any CPU.Build.0 = Debug|Any CPU
		{531FC5F9-E991-4987-9F3C-F107FBB4A57A}.Release|Any CPU.ActiveCfg = Release|Any CPU
		{531FC5F9-E991-4987-9F3C-F107FBB4A57A}.Release|Any CPU.Build.0 = Release|Any CPU
	EndGlobalSection
	GlobalSection(SolutionProperties) = preSolution
		HideSolutionNode = FALSE
	EndGlobalSection
	GlobalSection(ExtensibilityGlobals) = postSolution
		SolutionGuid = {1408702F-F624-4A08-94AB-40FA7E40C75C}
	EndGlobalSection
EndGlobal
